
Microsoft Visual Studio Solution File, Format Version 12.00
# Visual Studio Version 17
VisualStudioVersion = 17.6.33723.286
MinimumVisualStudioVersion = 10.0.40219.1
Project("{9A19103F-16F7-4668-BE54-9A1E7A4F7556}") = "CadastroCliente", "CadastroCliente\CadastroCliente.csproj", "{0C88E0EE-0D1A-4CA9-AD3B-A694F4CC18C0}"
EndProject
Project("{FAE04EC0-301F-11D3-BF4B-00C04F79EFBC}") = "Service", "Service\Service.csproj", "{79DDBFA2-96C1-42D5-B4BC-EEF63523C9B2}"
EndProject
Project("{FAE04EC0-301F-11D3-BF4B-00C04F79EFBC}") = "Persist", "Persist\Persist.csproj", "{FB50A772-60B2-44DE-BCA2-3723AB7B6CC2}"
EndProject
Project("{FAE04EC0-301F-11D3-BF4B-00C04F79EFBC}") = "Domain", "Domain\Domain.csproj", "{F67205DC-985F-456E-8D10-A4AA8DDB7FA9}"
EndProject
Global
	GlobalSection(SolutionConfigurationPlatforms) = preSolution
		Debug|Any CPU = Debug|Any CPU
		Release|Any CPU = Release|Any CPU
	EndGlobalSection
	GlobalSection(ProjectConfigurationPlatforms) = postSolution
		{0C88E0EE-0D1A-4CA9-AD3B-A694F4CC18C0}.Debug|Any CPU.ActiveCfg = Debug|Any CPU
		{0C88E0EE-0D1A-4CA9-AD3B-A694F4CC18C0}.Debug|Any CPU.Build.0 = Debug|Any CPU
		{0C88E0EE-0D1A-4CA9-AD3B-A694F4CC18C0}.Release|Any CPU.ActiveCfg = Release|Any CPU
		{0C88E0EE-0D1A-4CA9-AD3B-A694F4CC18C0}.Release|Any CPU.Build.0 = Release|Any CPU
		{79DDBFA2-96C1-42D5-B4BC-EEF63523C9B2}.Debug|Any CPU.ActiveCfg = Debug|Any CPU
		{79DDBFA2-96C1-42D5-B4BC-EEF63523C9B2}.Debug|Any CPU.Build.0 = Debug|Any CPU
		{79DDBFA2-96C1-42D5-B4BC-EEF63523C9B2}.Release|Any CPU.ActiveCfg = Release|Any CPU
		{79DDBFA2-96C1-42D5-B4BC-EEF63523C9B2}.Release|Any CPU.Build.0 = Release|Any CPU
		{FB50A772-60B2-44DE-BCA2-3723AB7B6CC2}.Debug|Any CPU.ActiveCfg = Debug|Any CPU
		{FB50A772-60B2-44DE-BCA2-3723AB7B6CC2}.Debug|Any CPU.Build.0 = Debug|Any CPU
		{FB50A772-60B2-44DE-BCA2-3723AB7B6CC2}.Release|Any CPU.ActiveCfg = Release|Any CPU
		{FB50A772-60B2-44DE-BCA2-3723AB7B6CC2}.Release|Any CPU.Build.0 = Release|Any CPU
		{F67205DC-985F-456E-8D10-A4AA8DDB7FA9}.Debug|Any CPU.ActiveCfg = Debug|Any CPU
		{F67205DC-985F-456E-8D10-A4AA8DDB7FA9}.Debug|Any CPU.Build.0 = Debug|Any CPU
		{F67205DC-985F-456E-8D10-A4AA8DDB7FA9}.Release|Any CPU.ActiveCfg = Release|Any CPU
		{F67205DC-985F-456E-8D10-A4AA8DDB7FA9}.Release|Any CPU.Build.0 = Release|Any CPU
	EndGlobalSection
	GlobalSection(SolutionProperties) = preSolution
		HideSolutionNode = FALSE
	EndGlobalSection
	GlobalSection(ExtensibilityGlobals) = postSolution
		SolutionGuid = {5CF0C862-AD86-4C80-8EA8-F3708DD1C567}
	EndGlobalSection
EndGlobal
